
Microsoft Visual Studio Solution File, Format Version 10.00
# Visual Studio 2008
Project("{8BC9CEB8-8B4A-11D0-8D11-00A0C91BC942}") = "GitSvn", "GitSvn.vcproj", "{743EA976-916C-4762-BFD7-025A2D0146A2}"
	ProjectSection(ProjectDependencies) = postProject
		{1A8B4D23-94D7-4754-B200-5BFB1B2B0300} = {1A8B4D23-94D7-4754-B200-5BFB1B2B0300}
		{3861D767-FBB6-43A3-AF0E-9E9E5976BEA4} = {3861D767-FBB6-43A3-AF0E-9E9E5976BEA4}
	EndProjectSection
EndProject
Project("{8BC9CEB8-8B4A-11D0-8D11-00A0C91BC942}") = "libgit2", "ext\GitCpp\libgit2.vcproj", "{3861D767-FBB6-43A3-AF0E-9E9E5976BEA4}"
EndProject
Project("{8BC9CEB8-8B4A-11D0-8D11-00A0C91BC942}") = "libsvncpp", "libsvncpp.vcproj", "{1A8B4D23-94D7-4754-B200-5BFB1B2B0300}"
EndProject
Global
	GlobalSection(SolutionConfigurationPlatforms) = preSolution
		Debug|Win32 = Debug|Win32
		Release|Win32 = Release|Win32
	EndGlobalSection
	GlobalSection(ProjectConfigurationPlatforms) = postSolution
		{743EA976-916C-4762-BFD7-025A2D0146A2}.Debug|Win32.ActiveCfg = Debug|Win32
		{743EA976-916C-4762-BFD7-025A2D0146A2}.Debug|Win32.Build.0 = Debug|Win32
		{743EA976-916C-4762-BFD7-025A2D0146A2}.Release|Win32.ActiveCfg = Release|Win32
		{743EA976-916C-4762-BFD7-025A2D0146A2}.Release|Win32.Build.0 = Release|Win32
		{3861D767-FBB6-43A3-AF0E-9E9E5976BEA4}.Debug|Win32.ActiveCfg = Debug|Win32
		{3861D767-FBB6-43A3-AF0E-9E9E5976BEA4}.Debug|Win32.Build.0 = Debug|Win32
		{3861D767-FBB6-43A3-AF0E-9E9E5976BEA4}.Release|Win32.ActiveCfg = Release|Win32
		{3861D767-FBB6-43A3-AF0E-9E9E5976BEA4}.Release|Win32.Build.0 = Release|Win32
		{1A8B4D23-94D7-4754-B200-5BFB1B2B0300}.Debug|Win32.ActiveCfg = Debug|Win32
		{1A8B4D23-94D7-4754-B200-5BFB1B2B0300}.Debug|Win32.Build.0 = Debug|Win32
		{1A8B4D23-94D7-4754-B200-5BFB1B2B0300}.Release|Win32.ActiveCfg = Release|Win32
		{1A8B4D23-94D7-4754-B200-5BFB1B2B0300}.Release|Win32.Build.0 = Release|Win32
	EndGlobalSection
	GlobalSection(SolutionProperties) = preSolution
		HideSolutionNode = FALSE
	EndGlobalSection
EndGlobal
